
Microsoft Visual Studio Solution File, Format Version 12.00
# Visual Studio Version 17
VisualStudioVersion = 17.8.34330.188
MinimumVisualStudioVersion = 10.0.40219.1
Project("{9A19103F-16F7-4668-BE54-9A1E7A4F7556}") = "CalculatorOnWPF", "CalculatorOnWPF.csproj", "{A0A88928-B932-48BA-AEEC-F769FA65BEF0}"
EndProject
Project("{9A19103F-16F7-4668-BE54-9A1E7A4F7556}") = "RPNcalculator", "..\RPNcalculator\RPNcalculator.csproj", "{E5CDCBBB-05C7-4E7D-96E7-F6D352BE0648}"
EndProject
Global
	GlobalSection(SolutionConfigurationPlatforms) = preSolution
		Debug|Any CPU = Debug|Any CPU
		Release|Any CPU = Release|Any CPU
	EndGlobalSection
	GlobalSection(ProjectConfigurationPlatforms) = postSolution
		{A0A88928-B932-48BA-AEEC-F769FA65BEF0}.Debug|Any CPU.ActiveCfg = Debug|Any CPU
		{A0A88928-B932-48BA-AEEC-F769FA65BEF0}.Debug|Any CPU.Build.0 = Debug|Any CPU
		{A0A88928-B932-48BA-AEEC-F769FA65BEF0}.Release|Any CPU.ActiveCfg = Release|Any CPU
		{A0A88928-B932-48BA-AEEC-F769FA65BEF0}.Release|Any CPU.Build.0 = Release|Any CPU
		{E5CDCBBB-05C7-4E7D-96E7-F6D352BE0648}.Debug|Any CPU.ActiveCfg = Debug|Any CPU
		{E5CDCBBB-05C7-4E7D-96E7-F6D352BE0648}.Debug|Any CPU.Build.0 = Debug|Any CPU
		{E5CDCBBB-05C7-4E7D-96E7-F6D352BE0648}.Release|Any CPU.ActiveCfg = Release|Any CPU
		{E5CDCBBB-05C7-4E7D-96E7-F6D352BE0648}.Release|Any CPU.Build.0 = Release|Any CPU
	EndGlobalSection
	GlobalSection(SolutionProperties) = preSolution
		HideSolutionNode = FALSE
	EndGlobalSection
	GlobalSection(ExtensibilityGlobals) = postSolution
		SolutionGuid = {2042DD78-2B03-498E-878B-3C0F3D318A67}
	EndGlobalSection
EndGlobal
